// !$*UTF8*$!
{
	archiveVersion = 1;
	classes = {
	};
	objectVersion = 51;
	objects = {

/* Begin PBXBuildFile section */
		0937C59325E4436800F324D4 /* AppDelegate.swift in Sources */ = {isa = PBXBuildFile; fileRef = 0937C59225E4436800F324D4 /* AppDelegate.swift */; };
		0937C59A25E4436800F324D4 /* Main.storyboard in Resources */ = {isa = PBXBuildFile; fileRef = 0937C59825E4436800F324D4 /* Main.storyboard */; };
		0937C59C25E4436A00F324D4 /* Assets.xcassets in Resources */ = {isa = PBXBuildFile; fileRef = 0937C59B25E4436A00F324D4 /* Assets.xcassets */; };
		0937C59F25E4436A00F324D4 /* LaunchScreen.storyboard in Resources */ = {isa = PBXBuildFile; fileRef = 0937C59D25E4436A00F324D4 /* LaunchScreen.storyboard */; };
		0937C5B825E4473100F324D4 /* UIStoryboard+ViewControllers.swift in Sources */ = {isa = PBXBuildFile; fileRef = 0937C5B725E4473100F324D4 /* UIStoryboard+ViewControllers.swift */; };
		0937C5BB25E4476300F324D4 /* UIView+Inspectables.swift in Sources */ = {isa = PBXBuildFile; fileRef = 0937C5BA25E4476300F324D4 /* UIView+Inspectables.swift */; };
		0937C5BE25E4477E00F324D4 /* Font.swift in Sources */ = {isa = PBXBuildFile; fileRef = 0937C5BD25E4477E00F324D4 /* Font.swift */; };
		0937C5C125E447A400F324D4 /* UIColor+Extension.swift in Sources */ = {isa = PBXBuildFile; fileRef = 0937C5C025E447A400F324D4 /* UIColor+Extension.swift */; };
		0937C5C425E447C000F324D4 /* URL+Extensions.swift in Sources */ = {isa = PBXBuildFile; fileRef = 0937C5C325E447C000F324D4 /* URL+Extensions.swift */; };
		0937C5C725E447E300F324D4 /* String+Extensions.swift in Sources */ = {isa = PBXBuildFile; fileRef = 0937C5C625E447E300F324D4 /* String+Extensions.swift */; };
		0937C5CF25E44AA600F324D4 /* StartingApp.swift in Sources */ = {isa = PBXBuildFile; fileRef = 0937C5CE25E44AA600F324D4 /* StartingApp.swift */; };
		0937C5D525E44FA100F324D4 /* UILabel+Extensions.swift in Sources */ = {isa = PBXBuildFile; fileRef = 0937C5D425E44FA100F324D4 /* UILabel+Extensions.swift */; };
		0937C5D925E44FDA00F324D4 /* SplashVC.swift in Sources */ = {isa = PBXBuildFile; fileRef = 0937C5D825E44FDA00F324D4 /* SplashVC.swift */; };
		0937C5DC25E4502C00F324D4 /* SearchManagementVC.swift in Sources */ = {isa = PBXBuildFile; fileRef = 0937C5DB25E4502C00F324D4 /* SearchManagementVC.swift */; };
		0937C5DF25E452B000F324D4 /* AlamofireErrorHandler.swift in Sources */ = {isa = PBXBuildFile; fileRef = 0937C5DE25E452B000F324D4 /* AlamofireErrorHandler.swift */; };
		0937C5E225E452E700F324D4 /* SearchResult.swift in Sources */ = {isa = PBXBuildFile; fileRef = 0937C5E125E452E700F324D4 /* SearchResult.swift */; };
		0937C5E525E4530800F324D4 /* CategoryType.swift in Sources */ = {isa = PBXBuildFile; fileRef = 0937C5E425E4530800F324D4 /* CategoryType.swift */; };
		0937C5EE25E455B000F324D4 /* Reachability.swift in Sources */ = {isa = PBXBuildFile; fileRef = 0937C5ED25E455B000F324D4 /* Reachability.swift */; };
		0937C61625E58A7D00F324D4 /* GoogleService-Info.plist in Resources */ = {isa = PBXBuildFile; fileRef = 0937C61525E58A7D00F324D4 /* GoogleService-Info.plist */; };
		094FCC1125E6D2DB008DEB37 /* SplashNavigator.swift in Sources */ = {isa = PBXBuildFile; fileRef = 094FCC1025E6D2DB008DEB37 /* SplashNavigator.swift */; };
		094FCC2125E6D51F008DEB37 /* SearchManagementNavigator.swift in Sources */ = {isa = PBXBuildFile; fileRef = 094FCC2025E6D51F008DEB37 /* SearchManagementNavigator.swift */; };
		094FCC2425E6E6ED008DEB37 /* AppConfig.swift in Sources */ = {isa = PBXBuildFile; fileRef = 094FCC2325E6E6ED008DEB37 /* AppConfig.swift */; };
		094FCC2725E6E73A008DEB37 /* AlamofireClient.swift in Sources */ = {isa = PBXBuildFile; fileRef = 094FCC2625E6E73A008DEB37 /* AlamofireClient.swift */; };
		094FCC2E25E6E794008DEB37 /* Movie.swift in Sources */ = {isa = PBXBuildFile; fileRef = 094FCC2D25E6E794008DEB37 /* Movie.swift */; };
		094FCC3125E6E7AD008DEB37 /* ApiResponses.swift in Sources */ = {isa = PBXBuildFile; fileRef = 094FCC3025E6E7AC008DEB37 /* ApiResponses.swift */; };
		094FCC3425E6E829008DEB37 /* API.swift in Sources */ = {isa = PBXBuildFile; fileRef = 094FCC3325E6E829008DEB37 /* API.swift */; };
		094FCC3925E6E872008DEB37 /* SearchResultCell.swift in Sources */ = {isa = PBXBuildFile; fileRef = 094FCC3725E6E872008DEB37 /* SearchResultCell.swift */; };
		094FCC3A25E6E872008DEB37 /* SearchResultCell.xib in Resources */ = {isa = PBXBuildFile; fileRef = 094FCC3825E6E872008DEB37 /* SearchResultCell.xib */; };
		094FCC3E25E6E93E008DEB37 /* UITableView+Extensions.swift in Sources */ = {isa = PBXBuildFile; fileRef = 094FCC3D25E6E93E008DEB37 /* UITableView+Extensions.swift */; };
		094FCC4225E6EA0B008DEB37 /* UIImageView+Extensions.swift in Sources */ = {isa = PBXBuildFile; fileRef = 094FCC4125E6EA0B008DEB37 /* UIImageView+Extensions.swift */; };
		094FCC4525E6ED31008DEB37 /* Throttle.swift in Sources */ = {isa = PBXBuildFile; fileRef = 094FCC4425E6ED31008DEB37 /* Throttle.swift */; };
		094FCC4A25E6F263008DEB37 /* ThrottledTextFieldValidator.swift in Sources */ = {isa = PBXBuildFile; fileRef = 094FCC4925E6F263008DEB37 /* ThrottledTextFieldValidator.swift */; };
		094FCC4E25E6F4E6008DEB37 /* SearchResultViewModel.swift in Sources */ = {isa = PBXBuildFile; fileRef = 094FCC4D25E6F4E6008DEB37 /* SearchResultViewModel.swift */; };
		09D1618125E840AF0049711F /* MovieDetailsNavigator.swift in Sources */ = {isa = PBXBuildFile; fileRef = 09D1618025E840AF0049711F /* MovieDetailsNavigator.swift */; };
		09D1618525E841660049711F /* MovieDetailsVC.swift in Sources */ = {isa = PBXBuildFile; fileRef = 09D1618425E841660049711F /* MovieDetailsVC.swift */; };
		09D1618B25E8494A0049711F /* PosterTableCell.swift in Sources */ = {isa = PBXBuildFile; fileRef = 09D1618925E8494A0049711F /* PosterTableCell.swift */; };
		09D1618C25E8494A0049711F /* PosterTableCell.xib in Resources */ = {isa = PBXBuildFile; fileRef = 09D1618A25E8494A0049711F /* PosterTableCell.xib */; };
		09D1619125E84A930049711F /* MovieInfoCell.swift in Sources */ = {isa = PBXBuildFile; fileRef = 09D1618F25E84A930049711F /* MovieInfoCell.swift */; };
		09D1619225E84A930049711F /* MovieInfoCell.xib in Resources */ = {isa = PBXBuildFile; fileRef = 09D1619025E84A930049711F /* MovieInfoCell.xib */; };
		09D1619425E84C7C0049711F /* Localizable.strings in Resources */ = {isa = PBXBuildFile; fileRef = 09D1619625E84C7C0049711F /* Localizable.strings */; };
		66B21626A73CFBF7FFD86A10 /* Pods_OmdbChallenge.framework in Frameworks */ = {isa = PBXBuildFile; fileRef = BA5D927CBD4826CF53405DAE /* Pods_OmdbChallenge.framework */; };
/* End PBXBuildFile section */

/* Begin PBXFileReference section */
		0937C58F25E4436700F324D4 /* OmdbChallenge.app */ = {isa = PBXFileReference; explicitFileType = wrapper.application; includeInIndex = 0; path = OmdbChallenge.app; sourceTree = BUILT_PRODUCTS_DIR; };
		0937C59225E4436800F324D4 /* AppDelegate.swift */ = {isa = PBXFileReference; lastKnownFileType = sourcecode.swift; path = AppDelegate.swift; sourceTree = "<group>"; };
		0937C59925E4436800F324D4 /* Base */ = {isa = PBXFileReference; lastKnownFileType = file.storyboard; name = Base; path = Base.lproj/Main.storyboard; sourceTree = "<group>"; };
		0937C59B25E4436A00F324D4 /* Assets.xcassets */ = {isa = PBXFileReference; lastKnownFileType = folder.assetcatalog; path = Assets.xcassets; sourceTree = "<group>"; };
		0937C59E25E4436A00F324D4 /* Base */ = {isa = PBXFileReference; lastKnownFileType = file.storyboard; name = Base; path = Base.lproj/LaunchScreen.storyboard; sourceTree = "<group>"; };
		0937C5A025E4436A00F324D4 /* Info.plist */ = {isa = PBXFileReference; lastKnownFileType = text.plist.xml; path = Info.plist; sourceTree = "<group>"; };
		0937C5B725E4473100F324D4 /* UIStoryboard+ViewControllers.swift */ = {isa = PBXFileReference; lastKnownFileType = sourcecode.swift; path = "UIStoryboard+ViewControllers.swift"; sourceTree = "<group>"; };
		0937C5BA25E4476300F324D4 /* UIView+Inspectables.swift */ = {isa = PBXFileReference; lastKnownFileType = sourcecode.swift; path = "UIView+Inspectables.swift"; sourceTree = "<group>"; };
		0937C5BD25E4477E00F324D4 /* Font.swift */ = {isa = PBXFileReference; lastKnownFileType = sourcecode.swift; path = Font.swift; sourceTree = "<group>"; };
		0937C5C025E447A400F324D4 /* UIColor+Extension.swift */ = {isa = PBXFileReference; lastKnownFileType = sourcecode.swift; path = "UIColor+Extension.swift"; sourceTree = "<group>"; };
		0937C5C325E447C000F324D4 /* URL+Extensions.swift */ = {isa = PBXFileReference; lastKnownFileType = sourcecode.swift; path = "URL+Extensions.swift"; sourceTree = "<group>"; };
		0937C5C625E447E300F324D4 /* String+Extensions.swift */ = {isa = PBXFileReference; lastKnownFileType = sourcecode.swift; path = "String+Extensions.swift"; sourceTree = "<group>"; };
		0937C5CE25E44AA600F324D4 /* StartingApp.swift */ = {isa = PBXFileReference; lastKnownFileType = sourcecode.swift; path = StartingApp.swift; sourceTree = "<group>"; };
		0937C5D425E44FA100F324D4 /* UILabel+Extensions.swift */ = {isa = PBXFileReference; lastKnownFileType = sourcecode.swift; path = "UILabel+Extensions.swift"; sourceTree = "<group>"; };
		0937C5D825E44FDA00F324D4 /* SplashVC.swift */ = {isa = PBXFileReference; lastKnownFileType = sourcecode.swift; path = SplashVC.swift; sourceTree = "<group>"; };
		0937C5DB25E4502C00F324D4 /* SearchManagementVC.swift */ = {isa = PBXFileReference; lastKnownFileType = sourcecode.swift; path = SearchManagementVC.swift; sourceTree = "<group>"; };
		0937C5DE25E452B000F324D4 /* AlamofireErrorHandler.swift */ = {isa = PBXFileReference; lastKnownFileType = sourcecode.swift; path = AlamofireErrorHandler.swift; sourceTree = "<group>"; };
		0937C5E125E452E700F324D4 /* SearchResult.swift */ = {isa = PBXFileReference; lastKnownFileType = sourcecode.swift; path = SearchResult.swift; sourceTree = "<group>"; };
		0937C5E425E4530800F324D4 /* CategoryType.swift */ = {isa = PBXFileReference; lastKnownFileType = sourcecode.swift; path = CategoryType.swift; sourceTree = "<group>"; };
		0937C5ED25E455B000F324D4 /* Reachability.swift */ = {isa = PBXFileReference; lastKnownFileType = sourcecode.swift; path = Reachability.swift; sourceTree = "<group>"; };
		0937C61525E58A7D00F324D4 /* GoogleService-Info.plist */ = {isa = PBXFileReference; fileEncoding = 4; lastKnownFileType = text.plist.xml; path = "GoogleService-Info.plist"; sourceTree = "<group>"; };
		094FCC1025E6D2DB008DEB37 /* SplashNavigator.swift */ = {isa = PBXFileReference; lastKnownFileType = sourcecode.swift; path = SplashNavigator.swift; sourceTree = "<group>"; };
		094FCC2025E6D51F008DEB37 /* SearchManagementNavigator.swift */ = {isa = PBXFileReference; lastKnownFileType = sourcecode.swift; path = SearchManagementNavigator.swift; sourceTree = "<group>"; };
		094FCC2325E6E6ED008DEB37 /* AppConfig.swift */ = {isa = PBXFileReference; lastKnownFileType = sourcecode.swift; path = AppConfig.swift; sourceTree = "<group>"; };
		094FCC2625E6E73A008DEB37 /* AlamofireClient.swift */ = {isa = PBXFileReference; lastKnownFileType = sourcecode.swift; path = AlamofireClient.swift; sourceTree = "<group>"; };
		094FCC2D25E6E794008DEB37 /* Movie.swift */ = {isa = PBXFileReference; lastKnownFileType = sourcecode.swift; path = Movie.swift; sourceTree = "<group>"; };
		094FCC3025E6E7AC008DEB37 /* ApiResponses.swift */ = {isa = PBXFileReference; lastKnownFileType = sourcecode.swift; path = ApiResponses.swift; sourceTree = "<group>"; };
		094FCC3325E6E829008DEB37 /* API.swift */ = {isa = PBXFileReference; lastKnownFileType = sourcecode.swift; path = API.swift; sourceTree = "<group>"; };
		094FCC3725E6E872008DEB37 /* SearchResultCell.swift */ = {isa = PBXFileReference; lastKnownFileType = sourcecode.swift; path = SearchResultCell.swift; sourceTree = "<group>"; };
		094FCC3825E6E872008DEB37 /* SearchResultCell.xib */ = {isa = PBXFileReference; lastKnownFileType = file.xib; path = SearchResultCell.xib; sourceTree = "<group>"; };
		094FCC3D25E6E93E008DEB37 /* UITableView+Extensions.swift */ = {isa = PBXFileReference; lastKnownFileType = sourcecode.swift; path = "UITableView+Extensions.swift"; sourceTree = "<group>"; };
		094FCC4125E6EA0B008DEB37 /* UIImageView+Extensions.swift */ = {isa = PBXFileReference; lastKnownFileType = sourcecode.swift; path = "UIImageView+Extensions.swift"; sourceTree = "<group>"; };
		094FCC4425E6ED31008DEB37 /* Throttle.swift */ = {isa = PBXFileReference; lastKnownFileType = sourcecode.swift; path = Throttle.swift; sourceTree = "<group>"; };
		094FCC4925E6F263008DEB37 /* ThrottledTextFieldValidator.swift */ = {isa = PBXFileReference; lastKnownFileType = sourcecode.swift; path = ThrottledTextFieldValidator.swift; sourceTree = "<group>"; };
		094FCC4D25E6F4E6008DEB37 /* SearchResultViewModel.swift */ = {isa = PBXFileReference; lastKnownFileType = sourcecode.swift; path = SearchResultViewModel.swift; sourceTree = "<group>"; };
		09D1618025E840AF0049711F /* MovieDetailsNavigator.swift */ = {isa = PBXFileReference; lastKnownFileType = sourcecode.swift; path = MovieDetailsNavigator.swift; sourceTree = "<group>"; };
		09D1618425E841660049711F /* MovieDetailsVC.swift */ = {isa = PBXFileReference; lastKnownFileType = sourcecode.swift; path = MovieDetailsVC.swift; sourceTree = "<group>"; };
		09D1618925E8494A0049711F /* PosterTableCell.swift */ = {isa = PBXFileReference; lastKnownFileType = sourcecode.swift; path = PosterTableCell.swift; sourceTree = "<group>"; };
		09D1618A25E8494A0049711F /* PosterTableCell.xib */ = {isa = PBXFileReference; lastKnownFileType = file.xib; path = PosterTableCell.xib; sourceTree = "<group>"; };
		09D1618F25E84A930049711F /* MovieInfoCell.swift */ = {isa = PBXFileReference; lastKnownFileType = sourcecode.swift; path = MovieInfoCell.swift; sourceTree = "<group>"; };
		09D1619025E84A930049711F /* MovieInfoCell.xib */ = {isa = PBXFileReference; lastKnownFileType = file.xib; path = MovieInfoCell.xib; sourceTree = "<group>"; };
		09D1619525E84C7C0049711F /* en */ = {isa = PBXFileReference; lastKnownFileType = text.plist.strings; name = en; path = en.lproj/Localizable.strings; sourceTree = "<group>"; };
		09D1619725E84C930049711F /* tr */ = {isa = PBXFileReference; lastKnownFileType = text.plist.strings; name = tr; path = tr.lproj/Localizable.strings; sourceTree = "<group>"; };
		2F70AFAED8B20D467A02657C /* Pods-OmdbChallenge.debug.xcconfig */ = {isa = PBXFileReference; includeInIndex = 1; lastKnownFileType = text.xcconfig; name = "Pods-OmdbChallenge.debug.xcconfig"; path = "Target Support Files/Pods-OmdbChallenge/Pods-OmdbChallenge.debug.xcconfig"; sourceTree = "<group>"; };
		BA5D927CBD4826CF53405DAE /* Pods_OmdbChallenge.framework */ = {isa = PBXFileReference; explicitFileType = wrapper.framework; includeInIndex = 0; path = Pods_OmdbChallenge.framework; sourceTree = BUILT_PRODUCTS_DIR; };
		DEE77CACBE197403D439D31D /* Pods-OmdbChallenge.release.xcconfig */ = {isa = PBXFileReference; includeInIndex = 1; lastKnownFileType = text.xcconfig; name = "Pods-OmdbChallenge.release.xcconfig"; path = "Target Support Files/Pods-OmdbChallenge/Pods-OmdbChallenge.release.xcconfig"; sourceTree = "<group>"; };
/* End PBXFileReference section */

/* Begin PBXFrameworksBuildPhase section */
		0937C58C25E4436700F324D4 /* Frameworks */ = {
			isa = PBXFrameworksBuildPhase;
			buildActionMask = 2147483647;
			files = (
				66B21626A73CFBF7FFD86A10 /* Pods_OmdbChallenge.framework in Frameworks */,
			);
			runOnlyForDeploymentPostprocessing = 0;
		};
/* End PBXFrameworksBuildPhase section */

/* Begin PBXGroup section */
		0937C58625E4436700F324D4 = {
			isa = PBXGroup;
			children = (
				0937C59125E4436700F324D4 /* OmdbChallenge */,
				0937C59025E4436700F324D4 /* Products */,
				CACA0BDC0DD624613B0108AB /* Pods */,
				E142D3086636F9B1C8AB7DFF /* Frameworks */,
			);
			sourceTree = "<group>";
		};
		0937C59025E4436700F324D4 /* Products */ = {
			isa = PBXGroup;
			children = (
				0937C58F25E4436700F324D4 /* OmdbChallenge.app */,
			);
			name = Products;
			sourceTree = "<group>";
		};
		0937C59125E4436700F324D4 /* OmdbChallenge */ = {
			isa = PBXGroup;
			children = (
				0937C5A925E4461D00F324D4 /* Application */,
				0937C5AA25E4462800F324D4 /* Storyboards */,
				0937C5AB25E4463900F324D4 /* Scenes */,
				0937C5AD25E4464900F324D4 /* Models */,
				0937C5AC25E4464200F324D4 /* Networking */,
				094FCC3C25E6E91E008DEB37 /* Extensions */,
				0937C5AE25E4465200F324D4 /* Helpers */,
				0937C5AF25E4465600F324D4 /* Utilities */,
				0937C5B025E4465F00F324D4 /* Localizables */,
				0937C5B125E4466500F324D4 /* Plists */,
				0937C59B25E4436A00F324D4 /* Assets.xcassets */,
				094FCC2325E6E6ED008DEB37 /* AppConfig.swift */,
			);
			path = OmdbChallenge;
			sourceTree = "<group>";
		};
		0937C5A925E4461D00F324D4 /* Application */ = {
			isa = PBXGroup;
			children = (
				0937C59225E4436800F324D4 /* AppDelegate.swift */,
				0937C5CE25E44AA600F324D4 /* StartingApp.swift */,
			);
			path = Application;
			sourceTree = "<group>";
		};
		0937C5AA25E4462800F324D4 /* Storyboards */ = {
			isa = PBXGroup;
			children = (
				0937C59825E4436800F324D4 /* Main.storyboard */,
				0937C59D25E4436A00F324D4 /* LaunchScreen.storyboard */,
				0937C5B725E4473100F324D4 /* UIStoryboard+ViewControllers.swift */,
			);
			path = Storyboards;
			sourceTree = "<group>";
		};
		0937C5AB25E4463900F324D4 /* Scenes */ = {
			isa = PBXGroup;
			children = (
				0937C5D125E44AAE00F324D4 /* Splash */,
				0937C5D225E44AB700F324D4 /* SearchManagement */,
				0937C5D325E44AC200F324D4 /* MovieDetails */,
			);
			path = Scenes;
			sourceTree = "<group>";
		};
		0937C5AC25E4464200F324D4 /* Networking */ = {
			isa = PBXGroup;
			children = (
				0937C5DE25E452B000F324D4 /* AlamofireErrorHandler.swift */,
				094FCC2625E6E73A008DEB37 /* AlamofireClient.swift */,
				094FCC3025E6E7AC008DEB37 /* ApiResponses.swift */,
				094FCC3325E6E829008DEB37 /* API.swift */,
			);
			path = Networking;
			sourceTree = "<group>";
		};
		0937C5AD25E4464900F324D4 /* Models */ = {
			isa = PBXGroup;
			children = (
				0937C5E125E452E700F324D4 /* SearchResult.swift */,
				0937C5E425E4530800F324D4 /* CategoryType.swift */,
				094FCC2D25E6E794008DEB37 /* Movie.swift */,
			);
			path = Models;
			sourceTree = "<group>";
		};
		0937C5AE25E4465200F324D4 /* Helpers */ = {
			isa = PBXGroup;
			children = (
				0937C5BA25E4476300F324D4 /* UIView+Inspectables.swift */,
			);
			path = Helpers;
			sourceTree = "<group>";
		};
		0937C5AF25E4465600F324D4 /* Utilities */ = {
			isa = PBXGroup;
			children = (
				0937C5BD25E4477E00F324D4 /* Font.swift */,
				0937C5ED25E455B000F324D4 /* Reachability.swift */,
				094FCC4425E6ED31008DEB37 /* Throttle.swift */,
			);
			path = Utilities;
			sourceTree = "<group>";
		};
		0937C5B025E4465F00F324D4 /* Localizables */ = {
			isa = PBXGroup;
			children = (
				09D1619625E84C7C0049711F /* Localizable.strings */,
			);
			path = Localizables;
			sourceTree = "<group>";
		};
		0937C5B125E4466500F324D4 /* Plists */ = {
			isa = PBXGroup;
			children = (
				0937C5A025E4436A00F324D4 /* Info.plist */,
				0937C61525E58A7D00F324D4 /* GoogleService-Info.plist */,
			);
			path = Plists;
			sourceTree = "<group>";
		};
		0937C5D125E44AAE00F324D4 /* Splash */ = {
			isa = PBXGroup;
			children = (
				0937C5D825E44FDA00F324D4 /* SplashVC.swift */,
				094FCC1025E6D2DB008DEB37 /* SplashNavigator.swift */,
			);
			path = Splash;
			sourceTree = "<group>";
		};
		0937C5D225E44AB700F324D4 /* SearchManagement */ = {
			isa = PBXGroup;
			children = (
				094FCC4825E6F248008DEB37 /* Utils */,
				094FCC3625E6E860008DEB37 /* Views */,
				0937C5DB25E4502C00F324D4 /* SearchManagementVC.swift */,
				094FCC4D25E6F4E6008DEB37 /* SearchResultViewModel.swift */,
				094FCC2025E6D51F008DEB37 /* SearchManagementNavigator.swift */,
			);
			path = SearchManagement;
			sourceTree = "<group>";
		};
		0937C5D325E44AC200F324D4 /* MovieDetails */ = {
			isa = PBXGroup;
			children = (
				09D1618825E848EF0049711F /* Views */,
				09D1618425E841660049711F /* MovieDetailsVC.swift */,
				09D1618025E840AF0049711F /* MovieDetailsNavigator.swift */,
			);
			path = MovieDetails;
			sourceTree = "<group>";
		};
		094FCC3625E6E860008DEB37 /* Views */ = {
			isa = PBXGroup;
			children = (
				094FCC3725E6E872008DEB37 /* SearchResultCell.swift */,
				094FCC3825E6E872008DEB37 /* SearchResultCell.xib */,
			);
			path = Views;
			sourceTree = "<group>";
		};
		094FCC3C25E6E91E008DEB37 /* Extensions */ = {
			isa = PBXGroup;
			children = (
				0937C5C025E447A400F324D4 /* UIColor+Extension.swift */,
				0937C5C325E447C000F324D4 /* URL+Extensions.swift */,
				0937C5C625E447E300F324D4 /* String+Extensions.swift */,
				0937C5D425E44FA100F324D4 /* UILabel+Extensions.swift */,
				094FCC3D25E6E93E008DEB37 /* UITableView+Extensions.swift */,
				094FCC4125E6EA0B008DEB37 /* UIImageView+Extensions.swift */,
			);
			path = Extensions;
			sourceTree = "<group>";
		};
		094FCC4825E6F248008DEB37 /* Utils */ = {
			isa = PBXGroup;
			children = (
				094FCC4925E6F263008DEB37 /* ThrottledTextFieldValidator.swift */,
			);
			path = Utils;
			sourceTree = "<group>";
		};
		09D1618825E848EF0049711F /* Views */ = {
			isa = PBXGroup;
			children = (
				09D1618925E8494A0049711F /* PosterTableCell.swift */,
				09D1618A25E8494A0049711F /* PosterTableCell.xib */,
				09D1618F25E84A930049711F /* MovieInfoCell.swift */,
				09D1619025E84A930049711F /* MovieInfoCell.xib */,
			);
			path = Views;
			sourceTree = "<group>";
		};
		CACA0BDC0DD624613B0108AB /* Pods */ = {
			isa = PBXGroup;
			children = (
				2F70AFAED8B20D467A02657C /* Pods-OmdbChallenge.debug.xcconfig */,
				DEE77CACBE197403D439D31D /* Pods-OmdbChallenge.release.xcconfig */,
			);
			path = Pods;
			sourceTree = "<group>";
		};
		E142D3086636F9B1C8AB7DFF /* Frameworks */ = {
			isa = PBXGroup;
			children = (
				BA5D927CBD4826CF53405DAE /* Pods_OmdbChallenge.framework */,
			);
			name = Frameworks;
			sourceTree = "<group>";
		};
/* End PBXGroup section */

/* Begin PBXNativeTarget section */
		0937C58E25E4436700F324D4 /* OmdbChallenge */ = {
			isa = PBXNativeTarget;
			buildConfigurationList = 0937C5A325E4436A00F324D4 /* Build configuration list for PBXNativeTarget "OmdbChallenge" */;
			buildPhases = (
				D30DCD92D18217B76693B701 /* [CP] Check Pods Manifest.lock */,
				0937C58B25E4436700F324D4 /* Sources */,
				0937C58C25E4436700F324D4 /* Frameworks */,
				0937C58D25E4436700F324D4 /* Resources */,
				D5CEC1A2EBA66E244AE258FA /* [CP] Embed Pods Frameworks */,
			);
			buildRules = (
			);
			dependencies = (
			);
			name = OmdbChallenge;
			productName = OmdbChallenge;
			productReference = 0937C58F25E4436700F324D4 /* OmdbChallenge.app */;
			productType = "com.apple.product-type.application";
		};
/* End PBXNativeTarget section */

/* Begin PBXProject section */
		0937C58725E4436700F324D4 /* Project object */ = {
			isa = PBXProject;
			attributes = {
				LastSwiftUpdateCheck = 1230;
				LastUpgradeCheck = 1230;
				TargetAttributes = {
					0937C58E25E4436700F324D4 = {
						CreatedOnToolsVersion = 12.3;
					};
				};
			};
			buildConfigurationList = 0937C58A25E4436700F324D4 /* Build configuration list for PBXProject "OmdbChallenge" */;
			compatibilityVersion = "Xcode 9.3";
			developmentRegion = en;
			hasScannedForEncodings = 0;
			knownRegions = (
				en,
				Base,
				tr,
			);
			mainGroup = 0937C58625E4436700F324D4;
			productRefGroup = 0937C59025E4436700F324D4 /* Products */;
			projectDirPath = "";
			projectRoot = "";
			targets = (
				0937C58E25E4436700F324D4 /* OmdbChallenge */,
			);
		};
/* End PBXProject section */

/* Begin PBXResourcesBuildPhase section */
		0937C58D25E4436700F324D4 /* Resources */ = {
			isa = PBXResourcesBuildPhase;
			buildActionMask = 2147483647;
			files = (
				09D1618C25E8494A0049711F /* PosterTableCell.xib in Resources */,
				0937C59F25E4436A00F324D4 /* LaunchScreen.storyboard in Resources */,
				09D1619425E84C7C0049711F /* Localizable.strings in Resources */,
				0937C61625E58A7D00F324D4 /* GoogleService-Info.plist in Resources */,
				0937C59C25E4436A00F324D4 /* Assets.xcassets in Resources */,
				094FCC3A25E6E872008DEB37 /* SearchResultCell.xib in Resources */,
				09D1619225E84A930049711F /* MovieInfoCell.xib in Resources */,
				0937C59A25E4436800F324D4 /* Main.storyboard in Resources */,
			);
			runOnlyForDeploymentPostprocessing = 0;
		};
/* End PBXResourcesBuildPhase section */

/* Begin PBXShellScriptBuildPhase section */
		D30DCD92D18217B76693B701 /* [CP] Check Pods Manifest.lock */ = {
			isa = PBXShellScriptBuildPhase;
			buildActionMask = 2147483647;
			files = (
			);
			inputFileListPaths = (
			);
			inputPaths = (
				"${PODS_PODFILE_DIR_PATH}/Podfile.lock",
				"${PODS_ROOT}/Manifest.lock",
			);
			name = "[CP] Check Pods Manifest.lock";
			outputFileListPaths = (
			);
			outputPaths = (
				"$(DERIVED_FILE_DIR)/Pods-OmdbChallenge-checkManifestLockResult.txt",
			);
			runOnlyForDeploymentPostprocessing = 0;
			shellPath = /bin/sh;
			shellScript = "diff \"${PODS_PODFILE_DIR_PATH}/Podfile.lock\" \"${PODS_ROOT}/Manifest.lock\" > /dev/null\nif [ $? != 0 ] ; then\n    # print error to STDERR\n    echo \"error: The sandbox is not in sync with the Podfile.lock. Run 'pod install' or update your CocoaPods installation.\" >&2\n    exit 1\nfi\n# This output is used by Xcode 'outputs' to avoid re-running this script phase.\necho \"SUCCESS\" > \"${SCRIPT_OUTPUT_FILE_0}\"\n";
			showEnvVarsInLog = 0;
		};
		D5CEC1A2EBA66E244AE258FA /* [CP] Embed Pods Frameworks */ = {
			isa = PBXShellScriptBuildPhase;
			buildActionMask = 2147483647;
			files = (
			);
			inputFileListPaths = (
				"${PODS_ROOT}/Target Support Files/Pods-OmdbChallenge/Pods-OmdbChallenge-frameworks-${CONFIGURATION}-input-files.xcfilelist",
			);
			name = "[CP] Embed Pods Frameworks";
			outputFileListPaths = (
				"${PODS_ROOT}/Target Support Files/Pods-OmdbChallenge/Pods-OmdbChallenge-frameworks-${CONFIGURATION}-output-files.xcfilelist",
			);
			runOnlyForDeploymentPostprocessing = 0;
			shellPath = /bin/sh;
			shellScript = "\"${PODS_ROOT}/Target Support Files/Pods-OmdbChallenge/Pods-OmdbChallenge-frameworks.sh\"\n";
			showEnvVarsInLog = 0;
		};
/* End PBXShellScriptBuildPhase section */

/* Begin PBXSourcesBuildPhase section */
		0937C58B25E4436700F324D4 /* Sources */ = {
			isa = PBXSourcesBuildPhase;
			buildActionMask = 2147483647;
			files = (
				094FCC3425E6E829008DEB37 /* API.swift in Sources */,
				09D1618B25E8494A0049711F /* PosterTableCell.swift in Sources */,
				09D1618125E840AF0049711F /* MovieDetailsNavigator.swift in Sources */,
				0937C5BE25E4477E00F324D4 /* Font.swift in Sources */,
				0937C5DC25E4502C00F324D4 /* SearchManagementVC.swift in Sources */,
				094FCC3E25E6E93E008DEB37 /* UITableView+Extensions.swift in Sources */,
				094FCC2125E6D51F008DEB37 /* SearchManagementNavigator.swift in Sources */,
				0937C5DF25E452B000F324D4 /* AlamofireErrorHandler.swift in Sources */,
				0937C5D925E44FDA00F324D4 /* SplashVC.swift in Sources */,
				094FCC4E25E6F4E6008DEB37 /* SearchResultViewModel.swift in Sources */,
				0937C5CF25E44AA600F324D4 /* StartingApp.swift in Sources */,
				0937C5C725E447E300F324D4 /* String+Extensions.swift in Sources */,
				094FCC1125E6D2DB008DEB37 /* SplashNavigator.swift in Sources */,
				094FCC4225E6EA0B008DEB37 /* UIImageView+Extensions.swift in Sources */,
				094FCC4A25E6F263008DEB37 /* ThrottledTextFieldValidator.swift in Sources */,
				09D1618525E841660049711F /* MovieDetailsVC.swift in Sources */,
				0937C5D525E44FA100F324D4 /* UILabel+Extensions.swift in Sources */,
				094FCC2425E6E6ED008DEB37 /* AppConfig.swift in Sources */,
				094FCC4525E6ED31008DEB37 /* Throttle.swift in Sources */,
				0937C5E225E452E700F324D4 /* SearchResult.swift in Sources */,
				094FCC3925E6E872008DEB37 /* SearchResultCell.swift in Sources */,
				094FCC3125E6E7AD008DEB37 /* ApiResponses.swift in Sources */,
				0937C5EE25E455B000F324D4 /* Reachability.swift in Sources */,
				0937C5C425E447C000F324D4 /* URL+Extensions.swift in Sources */,
				0937C59325E4436800F324D4 /* AppDelegate.swift in Sources */,
				094FCC2E25E6E794008DEB37 /* Movie.swift in Sources */,
				09D1619125E84A930049711F /* MovieInfoCell.swift in Sources */,
				0937C5B825E4473100F324D4 /* UIStoryboard+ViewControllers.swift in Sources */,
				094FCC2725E6E73A008DEB37 /* AlamofireClient.swift in Sources */,
				0937C5BB25E4476300F324D4 /* UIView+Inspectables.swift in Sources */,
				0937C5C125E447A400F324D4 /* UIColor+Extension.swift in Sources */,
				0937C5E525E4530800F324D4 /* CategoryType.swift in Sources */,
			);
			runOnlyForDeploymentPostprocessing = 0;
		};
/* End PBXSourcesBuildPhase section */

/* Begin PBXVariantGroup section */
		0937C59825E4436800F324D4 /* Main.storyboard */ = {
			isa = PBXVariantGroup;
			children = (
				0937C59925E4436800F324D4 /* Base */,
			);
			name = Main.storyboard;
			sourceTree = "<group>";
		};
		0937C59D25E4436A00F324D4 /* LaunchScreen.storyboard */ = {
			isa = PBXVariantGroup;
			children = (
				0937C59E25E4436A00F324D4 /* Base */,
			);
			name = LaunchScreen.storyboard;
			sourceTree = "<group>";
		};
		09D1619625E84C7C0049711F /* Localizable.strings */ = {
			isa = PBXVariantGroup;
			children = (
				09D1619525E84C7C0049711F /* en */,
				09D1619725E84C930049711F /* tr */,
			);
			name = Localizable.strings;
			sourceTree = "<group>";
		};
/* End PBXVariantGroup section */

/* Begin XCBuildConfiguration section */
		0937C5A125E4436A00F324D4 /* Debug */ = {
			isa = XCBuildConfiguration;
			buildSettings = {
				ALWAYS_SEARCH_USER_PATHS = NO;
				CLANG_ANALYZER_LOCALIZABILITY_NONLOCALIZED = YES;
				CLANG_ANALYZER_NONNULL = YES;
				CLANG_ANALYZER_NUMBER_OBJECT_CONVERSION = YES_AGGRESSIVE;
				CLANG_CXX_LANGUAGE_STANDARD = "gnu++14";
				CLANG_CXX_LIBRARY = "libc++";
				CLANG_ENABLE_MODULES = YES;
				CLANG_ENABLE_OBJC_ARC = YES;
				CLANG_ENABLE_OBJC_WEAK = YES;
				CLANG_WARN_BLOCK_CAPTURE_AUTORELEASING = YES;
				CLANG_WARN_BOOL_CONVERSION = YES;
				CLANG_WARN_COMMA = YES;
				CLANG_WARN_CONSTANT_CONVERSION = YES;
				CLANG_WARN_DEPRECATED_OBJC_IMPLEMENTATIONS = YES;
				CLANG_WARN_DIRECT_OBJC_ISA_USAGE = YES_ERROR;
				CLANG_WARN_DOCUMENTATION_COMMENTS = YES;
				CLANG_WARN_EMPTY_BODY = YES;
				CLANG_WARN_ENUM_CONVERSION = YES;
				CLANG_WARN_INFINITE_RECURSION = YES;
				CLANG_WARN_INT_CONVERSION = YES;
				CLANG_WARN_NON_LITERAL_NULL_CONVERSION = YES;
				CLANG_WARN_OBJC_IMPLICIT_RETAIN_SELF = YES;
				CLANG_WARN_OBJC_LITERAL_CONVERSION = YES;
				CLANG_WARN_OBJC_ROOT_CLASS = YES_ERROR;
				CLANG_WARN_QUOTED_INCLUDE_IN_FRAMEWORK_HEADER = YES;
				CLANG_WARN_RANGE_LOOP_ANALYSIS = YES;
				CLANG_WARN_STRICT_PROTOTYPES = YES;
				CLANG_WARN_SUSPICIOUS_MOVE = YES;
				CLANG_WARN_UNGUARDED_AVAILABILITY = YES_AGGRESSIVE;
				CLANG_WARN_UNREACHABLE_CODE = YES;
				CLANG_WARN__DUPLICATE_METHOD_MATCH = YES;
				COPY_PHASE_STRIP = NO;
				DEBUG_INFORMATION_FORMAT = dwarf;
				ENABLE_STRICT_OBJC_MSGSEND = YES;
				ENABLE_TESTABILITY = YES;
				GCC_C_LANGUAGE_STANDARD = gnu11;
				GCC_DYNAMIC_NO_PIC = NO;
				GCC_NO_COMMON_BLOCKS = YES;
				GCC_OPTIMIZATION_LEVEL = 0;
				GCC_PREPROCESSOR_DEFINITIONS = (
					"DEBUG=1",
					"$(inherited)",
				);
				GCC_WARN_64_TO_32_BIT_CONVERSION = YES;
				GCC_WARN_ABOUT_RETURN_TYPE = YES_ERROR;
				GCC_WARN_UNDECLARED_SELECTOR = YES;
				GCC_WARN_UNINITIALIZED_AUTOS = YES_AGGRESSIVE;
				GCC_WARN_UNUSED_FUNCTION = YES;
				GCC_WARN_UNUSED_VARIABLE = YES;
				IPHONEOS_DEPLOYMENT_TARGET = 14.3;
				MTL_ENABLE_DEBUG_INFO = INCLUDE_SOURCE;
				MTL_FAST_MATH = YES;
				ONLY_ACTIVE_ARCH = YES;
				SDKROOT = iphoneos;
				SWIFT_ACTIVE_COMPILATION_CONDITIONS = DEBUG;
				SWIFT_OPTIMIZATION_LEVEL = "-Onone";
			};
			name = Debug;
		};
		0937C5A225E4436A00F324D4 /* Release */ = {
			isa = XCBuildConfiguration;
			buildSettings = {
				ALWAYS_SEARCH_USER_PATHS = NO;
				CLANG_ANALYZER_LOCALIZABILITY_NONLOCALIZED = YES;
				CLANG_ANALYZER_NONNULL = YES;
				CLANG_ANALYZER_NUMBER_OBJECT_CONVERSION = YES_AGGRESSIVE;
				CLANG_CXX_LANGUAGE_STANDARD = "gnu++14";
				CLANG_CXX_LIBRARY = "libc++";
				CLANG_ENABLE_MODULES = YES;
				CLANG_ENABLE_OBJC_ARC = YES;
				CLANG_ENABLE_OBJC_WEAK = YES;
				CLANG_WARN_BLOCK_CAPTURE_AUTORELEASING = YES;
				CLANG_WARN_BOOL_CONVERSION = YES;
				CLANG_WARN_COMMA = YES;
				CLANG_WARN_CONSTANT_CONVERSION = YES;
				CLANG_WARN_DEPRECATED_OBJC_IMPLEMENTATIONS = YES;
				CLANG_WARN_DIRECT_OBJC_ISA_USAGE = YES_ERROR;
				CLANG_WARN_DOCUMENTATION_COMMENTS = YES;
				CLANG_WARN_EMPTY_BODY = YES;
				CLANG_WARN_ENUM_CONVERSION = YES;
				CLANG_WARN_INFINITE_RECURSION = YES;
				CLANG_WARN_INT_CONVERSION = YES;
				CLANG_WARN_NON_LITERAL_NULL_CONVERSION = YES;
				CLANG_WARN_OBJC_IMPLICIT_RETAIN_SELF = YES;
				CLANG_WARN_OBJC_LITERAL_CONVERSION = YES;
				CLANG_WARN_OBJC_ROOT_CLASS = YES_ERROR;
				CLANG_WARN_QUOTED_INCLUDE_IN_FRAMEWORK_HEADER = YES;
				CLANG_WARN_RANGE_LOOP_ANALYSIS = YES;
				CLANG_WARN_STRICT_PROTOTYPES = YES;
				CLANG_WARN_SUSPICIOUS_MOVE = YES;
				CLANG_WARN_UNGUARDED_AVAILABILITY = YES_AGGRESSIVE;
				CLANG_WARN_UNREACHABLE_CODE = YES;
				CLANG_WARN__DUPLICATE_METHOD_MATCH = YES;
				COPY_PHASE_STRIP = NO;
				DEBUG_INFORMATION_FORMAT = "dwarf-with-dsym";
				ENABLE_NS_ASSERTIONS = NO;
				ENABLE_STRICT_OBJC_MSGSEND = YES;
				GCC_C_LANGUAGE_STANDARD = gnu11;
				GCC_NO_COMMON_BLOCKS = YES;
				GCC_WARN_64_TO_32_BIT_CONVERSION = YES;
				GCC_WARN_ABOUT_RETURN_TYPE = YES_ERROR;
				GCC_WARN_UNDECLARED_SELECTOR = YES;
				GCC_WARN_UNINITIALIZED_AUTOS = YES_AGGRESSIVE;
				GCC_WARN_UNUSED_FUNCTION = YES;
				GCC_WARN_UNUSED_VARIABLE = YES;
				IPHONEOS_DEPLOYMENT_TARGET = 14.3;
				MTL_ENABLE_DEBUG_INFO = NO;
				MTL_FAST_MATH = YES;
				SDKROOT = iphoneos;
				SWIFT_COMPILATION_MODE = wholemodule;
				SWIFT_OPTIMIZATION_LEVEL = "-O";
				VALIDATE_PRODUCT = YES;
			};
			name = Release;
		};
		0937C5A425E4436A00F324D4 /* Debug */ = {
			isa = XCBuildConfiguration;
			baseConfigurationReference = 2F70AFAED8B20D467A02657C /* Pods-OmdbChallenge.debug.xcconfig */;
			buildSettings = {
				ASSETCATALOG_COMPILER_APPICON_NAME = AppIcon;
				ASSETCATALOG_COMPILER_GLOBAL_ACCENT_COLOR_NAME = AccentColor;
				CODE_SIGN_STYLE = Automatic;
				DEVELOPMENT_TEAM = "";
				INFOPLIST_FILE = "$(SRCROOT)/OmdbChallenge/Plists/Info.plist";
				IPHONEOS_DEPLOYMENT_TARGET = 10.0;
				LD_RUNPATH_SEARCH_PATHS = (
					"$(inherited)",
					"@executable_path/Frameworks",
				);
				PRODUCT_BUNDLE_IDENTIFIER = com.omdbchallenge.app;
				PRODUCT_NAME = "$(TARGET_NAME)";
				SWIFT_VERSION = 5.0;
				TARGETED_DEVICE_FAMILY = 1;
			};
			name = Debug;
		};
		0937C5A525E4436A00F324D4 /* Release */ = {
			isa = XCBuildConfiguration;
			baseConfigurationReference = DEE77CACBE197403D439D31D /* Pods-OmdbChallenge.release.xcconfig */;
			buildSettings = {
				ASSETCATALOG_COMPILER_APPICON_NAME = AppIcon;
				ASSETCATALOG_COMPILER_GLOBAL_ACCENT_COLOR_NAME = AccentColor;
				CODE_SIGN_STYLE = Automatic;
				DEVELOPMENT_TEAM = "";
				INFOPLIST_FILE = "$(SRCROOT)/OmdbChallenge/Plists/Info.plist";
				IPHONEOS_DEPLOYMENT_TARGET = 10.0;
				LD_RUNPATH_SEARCH_PATHS = (
					"$(inherited)",
					"@executable_path/Frameworks",
				);
				PRODUCT_BUNDLE_IDENTIFIER = com.omdbchallenge.app;
				PRODUCT_NAME = "$(TARGET_NAME)";
				SWIFT_VERSION = 5.0;
				TARGETED_DEVICE_FAMILY = 1;
			};
			name = Release;
		};
/* End XCBuildConfiguration section */

/* Begin XCConfigurationList section */
		0937C58A25E4436700F324D4 /* Build configuration list for PBXProject "OmdbChallenge" */ = {
			isa = XCConfigurationList;
			buildConfigurations = (
				0937C5A125E4436A00F324D4 /* Debug */,
				0937C5A225E4436A00F324D4 /* Release */,
			);
			defaultConfigurationIsVisible = 0;
			defaultConfigurationName = Release;
		};
		0937C5A325E4436A00F324D4 /* Build configuration list for PBXNativeTarget "OmdbChallenge" */ = {
			isa = XCConfigurationList;
			buildConfigurations = (
				0937C5A425E4436A00F324D4 /* Debug */,
				0937C5A525E4436A00F324D4 /* Release */,
			);
			defaultConfigurationIsVisible = 0;
			defaultConfigurationName = Release;
		};
/* End XCConfigurationList section */
	};
	rootObject = 0937C58725E4436700F324D4 /* Project object */;
}
